# This file is autogenerated, do not edit; changes may be undone by the next 'dep ensure'.


[[projects]]
  name = "github.com/capsule8/capsule8"
  packages = ["pkg/config","pkg/sys","pkg/sys/perf","pkg/sys/proc"]
  revision = "7d7d0f4c9152400bb870771f61d5a9d11b53086a"
  version = "v0.5.0-alpha"

[[projects]]
  branch = "master"
  name = "github.com/golang/glog"
  packages = ["."]
  revision = "23def4e6c14b4da8ac2ed8007337bc5eb5007998"

[[projects]]
  name = "github.com/kelseyhightower/envconfig"
  packages = ["."]
  revision = "f611eb38b3875cc3bd991ca91c51d06446afa14c"
  version = "v1.3.0"

[[projects]]
  name = "github.com/sirupsen/logrus"
  packages = ["."]
  revision = "d682213848ed68c0a260ca37d6dd5ace8423f5ba"
  version = "v1.0.4"

[[projects]]
  branch = "master"
  name = "golang.org/x/crypto"
  packages = ["ssh/terminal"]
  revision = "0efb9460aaf800c6376acf625be2853bceac2e06"

[[projects]]
  branch = "master"
  name = "golang.org/x/sys"
  packages = ["unix","windows"]
  revision = "ff2a66f350cefa5c93a634eadb5d25bb60c85a9c"

[solve-meta]
  analyzer-name = "dep"
  analyzer-version = 1
  inputs-digest = "c577cd724e7388f7f9ee30a48c9b84d2dbb51fb329251b50f7a0e38373c46e4b"
  solver-name = "gps-cdcl"
  solver-version = 1
